<Solution>
  <Project Path="src/TradingStudio/TradingStudio.csproj" />
  <Project Path="src/TradingStudio.Core/TradingStudio.Core.csproj" />
  <Project Path="src/TradingStudio.Data/TradingStudio.Data.csproj" />
  <Project Path="src/TradingStudio.Engine/TradingStudio.Engine.csproj" />
  <Project Path="src/TradingStudio.Ctp/TradingStudio.Ctp.csproj" />
  <Project Path="src/TradingStudio.ToolBox/TradingStudio.ToolBox.csproj" />
  <Project Path="src/TradingStudio.Terminal/TradingStudio.Terminal.csproj" />
  <Project Path="src/CTP/Wrapper/CTPWrapper.vcxproj" />
</Solution>
