<Solution>
  <Configurations>
    <Platform Name="x64" />
  </Configurations>
  <Project Path="TradingStudio.Core/TradingStudio.Core.csproj" />
  <Project Path="TradingStudio.Data/TradingStudio.Data.csproj" />
  <Project Path="TradingStudio.Engine/TradingStudio.Engine.csproj" />
  <Project Path="TradingStudio.Research/TradingStudio.Research.csproj" />
  <Project Path="TradingStudio.Terminal/TradingStudio.Terminal.csproj" />
  <Project Path="TradingStudio.ToolBox/TradingStudio.ToolBox.csproj" />
  <Project Path="TradingStudio.Strategy/TradingStudio.Strategy.csproj" />
  <Project Path="TradingStudio/TradingStudio.csproj" />
</Solution>
